
Microsoft Visual Studio Solution File, Format Version 12.00
# Visual Studio Version 17
VisualStudioVersion = 17.13.35919.96 d17.13
MinimumVisualStudioVersion = 10.0.40219.1
Project("{FAE04EC0-301F-11D3-BF4B-00C04F79EFBC}") = "back-Ecommerce", "back-Ecommerce\back-Ecommerce.csproj", "{2F3B79AA-B292-4689-9363-7A72EAD5A1DE}"
EndProject
Global
	GlobalSection(SolutionConfigurationPlatforms) = preSolution
		Debug|Any CPU = Debug|Any CPU
		Release|Any CPU = Release|Any CPU
	EndGlobalSection
	GlobalSection(ProjectConfigurationPlatforms) = postSolution
		{2F3B79AA-B292-4689-9363-7A72EAD5A1DE}.Debug|Any CPU.ActiveCfg = Debug|Any CPU
		{2F3B79AA-B292-4689-9363-7A72EAD5A1DE}.Debug|Any CPU.Build.0 = Debug|Any CPU
		{2F3B79AA-B292-4689-9363-7A72EAD5A1DE}.Release|Any CPU.ActiveCfg = Release|Any CPU
		{2F3B79AA-B292-4689-9363-7A72EAD5A1DE}.Release|Any CPU.Build.0 = Release|Any CPU
	EndGlobalSection
	GlobalSection(SolutionProperties) = preSolution
		HideSolutionNode = FALSE
	EndGlobalSection
	GlobalSection(ExtensibilityGlobals) = postSolution
		SolutionGuid = {D5FAD66C-6A0E-4EAF-99D2-F629A5D33CAF}
	EndGlobalSection
EndGlobal
